
Microsoft Visual Studio Solution File, Format Version 12.00
# Visual Studio Version 16
VisualStudioVersion = 16.0.32901.82
MinimumVisualStudioVersion = 10.0.40219.1
Project("{FAE04EC0-301F-11D3-BF4B-00C04F79EFBC}") = "lista enlazada circular", "lista enlazada circular\lista enlazada circular.csproj", "{F025BEF2-2E58-4CB8-88D4-2F891676F5CC}"
EndProject
Global
	GlobalSection(SolutionConfigurationPlatforms) = preSolution
		Debug|Any CPU = Debug|Any CPU
		Release|Any CPU = Release|Any CPU
	EndGlobalSection
	GlobalSection(ProjectConfigurationPlatforms) = postSolution
		{F025BEF2-2E58-4CB8-88D4-2F891676F5CC}.Debug|Any CPU.ActiveCfg = Debug|Any CPU
		{F025BEF2-2E58-4CB8-88D4-2F891676F5CC}.Debug|Any CPU.Build.0 = Debug|Any CPU
		{F025BEF2-2E58-4CB8-88D4-2F891676F5CC}.Release|Any CPU.ActiveCfg = Release|Any CPU
		{F025BEF2-2E58-4CB8-88D4-2F891676F5CC}.Release|Any CPU.Build.0 = Release|Any CPU
	EndGlobalSection
	GlobalSection(SolutionProperties) = preSolution
		HideSolutionNode = FALSE
	EndGlobalSection
	GlobalSection(ExtensibilityGlobals) = postSolution
		SolutionGuid = {172E2CF6-7523-46D5-84D9-77926ED51130}
	EndGlobalSection
EndGlobal
